// !$*UTF8*$!
{
	archiveVersion = 1;
	classes = {
	};
	objectVersion = 50;
	objects = {

/* Begin PBXBuildFile section */
		3C0F3E9DBB9832B4C4DCAD40 /* Pods_FirebaseLoginPage.framework in Frameworks */ = {isa = PBXBuildFile; fileRef = 74D0BADE8032E76FBDFA5476 /* Pods_FirebaseLoginPage.framework */; };
		B6D9C6A82254CE22005A7DFE /* AppDelegate.swift in Sources */ = {isa = PBXBuildFile; fileRef = B6D9C6A72254CE22005A7DFE /* AppDelegate.swift */; };
		B6D9C6AA2254CE22005A7DFE /* ViewController.swift in Sources */ = {isa = PBXBuildFile; fileRef = B6D9C6A92254CE22005A7DFE /* ViewController.swift */; };
		B6D9C6AD2254CE22005A7DFE /* Main.storyboard in Resources */ = {isa = PBXBuildFile; fileRef = B6D9C6AB2254CE22005A7DFE /* Main.storyboard */; };
		B6D9C6AF2254CE23005A7DFE /* Assets.xcassets in Resources */ = {isa = PBXBuildFile; fileRef = B6D9C6AE2254CE23005A7DFE /* Assets.xcassets */; };
		B6D9C6B22254CE23005A7DFE /* LaunchScreen.storyboard in Resources */ = {isa = PBXBuildFile; fileRef = B6D9C6B02254CE23005A7DFE /* LaunchScreen.storyboard */; };
		B6D9C6BB2254D5BC005A7DFE /* GoogleService-Info.plist in Resources */ = {isa = PBXBuildFile; fileRef = B6D9C6BA2254D5BC005A7DFE /* GoogleService-Info.plist */; };
		B6D9C6BE2254D7CE005A7DFE /* LoginController.swift in Sources */ = {isa = PBXBuildFile; fileRef = B6D9C6BD2254D7CE005A7DFE /* LoginController.swift */; };
/* End PBXBuildFile section */

/* Begin PBXFileReference section */
		0370180A38AAF24B98A461AE /* Pods-FirebaseLoginPage.debug.xcconfig */ = {isa = PBXFileReference; includeInIndex = 1; lastKnownFileType = text.xcconfig; name = "Pods-FirebaseLoginPage.debug.xcconfig"; path = "Target Support Files/Pods-FirebaseLoginPage/Pods-FirebaseLoginPage.debug.xcconfig"; sourceTree = "<group>"; };
		74D0BADE8032E76FBDFA5476 /* Pods_FirebaseLoginPage.framework */ = {isa = PBXFileReference; explicitFileType = wrapper.framework; includeInIndex = 0; path = Pods_FirebaseLoginPage.framework; sourceTree = BUILT_PRODUCTS_DIR; };
		B6D9C6A42254CE22005A7DFE /* FirebaseLoginPage.app */ = {isa = PBXFileReference; explicitFileType = wrapper.application; includeInIndex = 0; path = FirebaseLoginPage.app; sourceTree = BUILT_PRODUCTS_DIR; };
		B6D9C6A72254CE22005A7DFE /* AppDelegate.swift */ = {isa = PBXFileReference; lastKnownFileType = sourcecode.swift; path = AppDelegate.swift; sourceTree = "<group>"; };
		B6D9C6A92254CE22005A7DFE /* ViewController.swift */ = {isa = PBXFileReference; lastKnownFileType = sourcecode.swift; path = ViewController.swift; sourceTree = "<group>"; };
		B6D9C6AC2254CE22005A7DFE /* Base */ = {isa = PBXFileReference; lastKnownFileType = file.storyboard; name = Base; path = Base.lproj/Main.storyboard; sourceTree = "<group>"; };
		B6D9C6AE2254CE23005A7DFE /* Assets.xcassets */ = {isa = PBXFileReference; lastKnownFileType = folder.assetcatalog; path = Assets.xcassets; sourceTree = "<group>"; };
		B6D9C6B12254CE23005A7DFE /* Base */ = {isa = PBXFileReference; lastKnownFileType = file.storyboard; name = Base; path = Base.lproj/LaunchScreen.storyboard; sourceTree = "<group>"; };
		B6D9C6B32254CE23005A7DFE /* Info.plist */ = {isa = PBXFileReference; lastKnownFileType = text.plist.xml; path = Info.plist; sourceTree = "<group>"; };
		B6D9C6BA2254D5BC005A7DFE /* GoogleService-Info.plist */ = {isa = PBXFileReference; fileEncoding = 4; lastKnownFileType = text.plist.xml; path = "GoogleService-Info.plist"; sourceTree = "<group>"; };
		B6D9C6BD2254D7CE005A7DFE /* LoginController.swift */ = {isa = PBXFileReference; lastKnownFileType = sourcecode.swift; path = LoginController.swift; sourceTree = "<group>"; };
		CD0945993990BEE59253F45C /* Pods-FirebaseLoginPage.release.xcconfig */ = {isa = PBXFileReference; includeInIndex = 1; lastKnownFileType = text.xcconfig; name = "Pods-FirebaseLoginPage.release.xcconfig"; path = "Target Support Files/Pods-FirebaseLoginPage/Pods-FirebaseLoginPage.release.xcconfig"; sourceTree = "<group>"; };
/* End PBXFileReference section */

/* Begin PBXFrameworksBuildPhase section */
		B6D9C6A12254CE22005A7DFE /* Frameworks */ = {
			isa = PBXFrameworksBuildPhase;
			buildActionMask = 2147483647;
			files = (
				3C0F3E9DBB9832B4C4DCAD40 /* Pods_FirebaseLoginPage.framework in Frameworks */,
			);
			runOnlyForDeploymentPostprocessing = 0;
		};
/* End PBXFrameworksBuildPhase section */

/* Begin PBXGroup section */
		4387B010E25AA505889BBC6F /* Frameworks */ = {
			isa = PBXGroup;
			children = (
				74D0BADE8032E76FBDFA5476 /* Pods_FirebaseLoginPage.framework */,
			);
			name = Frameworks;
			sourceTree = "<group>";
		};
		533FE13C5BBF98CED3ABE75E /* Pods */ = {
			isa = PBXGroup;
			children = (
				0370180A38AAF24B98A461AE /* Pods-FirebaseLoginPage.debug.xcconfig */,
				CD0945993990BEE59253F45C /* Pods-FirebaseLoginPage.release.xcconfig */,
			);
			path = Pods;
			sourceTree = "<group>";
		};
		B6D9C69B2254CE22005A7DFE = {
			isa = PBXGroup;
			children = (
				B6D9C6A62254CE22005A7DFE /* FirebaseLoginPage */,
				B6D9C6A52254CE22005A7DFE /* Products */,
				533FE13C5BBF98CED3ABE75E /* Pods */,
				4387B010E25AA505889BBC6F /* Frameworks */,
			);
			sourceTree = "<group>";
		};
		B6D9C6A52254CE22005A7DFE /* Products */ = {
			isa = PBXGroup;
			children = (
				B6D9C6A42254CE22005A7DFE /* FirebaseLoginPage.app */,
			);
			name = Products;
			sourceTree = "<group>";
		};
		B6D9C6A62254CE22005A7DFE /* FirebaseLoginPage */ = {
			isa = PBXGroup;
			children = (
				B6D9C6BC2254D7B4005A7DFE /* Controller */,
				B6D9C6B92254D2C1005A7DFE /* Ignored Files */,
				B6D9C6A72254CE22005A7DFE /* AppDelegate.swift */,
				B6D9C6A92254CE22005A7DFE /* ViewController.swift */,
				B6D9C6AB2254CE22005A7DFE /* Main.storyboard */,
				B6D9C6AE2254CE23005A7DFE /* Assets.xcassets */,
				B6D9C6B02254CE23005A7DFE /* LaunchScreen.storyboard */,
				B6D9C6B32254CE23005A7DFE /* Info.plist */,
				B6D9C6BA2254D5BC005A7DFE /* GoogleService-Info.plist */,
			);
			path = FirebaseLoginPage;
			sourceTree = "<group>";
		};
		B6D9C6B92254D2C1005A7DFE /* Ignored Files */ = {
			isa = PBXGroup;
			children = (
			);
			path = "Ignored Files";
			sourceTree = "<group>";
		};
		B6D9C6BC2254D7B4005A7DFE /* Controller */ = {
			isa = PBXGroup;
			children = (
				B6D9C6BD2254D7CE005A7DFE /* LoginController.swift */,
			);
			path = Controller;
			sourceTree = "<group>";
		};
/* End PBXGroup section */

/* Begin PBXNativeTarget section */
		B6D9C6A32254CE22005A7DFE /* FirebaseLoginPage */ = {
			isa = PBXNativeTarget;
			buildConfigurationList = B6D9C6B62254CE23005A7DFE /* Build configuration list for PBXNativeTarget "FirebaseLoginPage" */;
			buildPhases = (
				9ACE1A996BDF0B6AC3F38822 /* [CP] Check Pods Manifest.lock */,
				B6D9C6A02254CE22005A7DFE /* Sources */,
				B6D9C6A12254CE22005A7DFE /* Frameworks */,
				B6D9C6A22254CE22005A7DFE /* Resources */,
				1882691C9D5A7E573D72C353 /* [CP] Embed Pods Frameworks */,
			);
			buildRules = (
			);
			dependencies = (
			);
			name = FirebaseLoginPage;
			productName = FirebaseLoginPage;
			productReference = B6D9C6A42254CE22005A7DFE /* FirebaseLoginPage.app */;
			productType = "com.apple.product-type.application";
		};
/* End PBXNativeTarget section */

/* Begin PBXProject section */
		B6D9C69C2254CE22005A7DFE /* Project object */ = {
			isa = PBXProject;
			attributes = {
				LastSwiftUpdateCheck = 1020;
				LastUpgradeCheck = 1020;
				ORGANIZATIONNAME = Creyto;
				TargetAttributes = {
					B6D9C6A32254CE22005A7DFE = {
						CreatedOnToolsVersion = 10.2;
					};
				};
			};
			buildConfigurationList = B6D9C69F2254CE22005A7DFE /* Build configuration list for PBXProject "FirebaseLoginPage" */;
			compatibilityVersion = "Xcode 9.3";
			developmentRegion = en;
			hasScannedForEncodings = 0;
			knownRegions = (
				en,
				Base,
			);
			mainGroup = B6D9C69B2254CE22005A7DFE;
			productRefGroup = B6D9C6A52254CE22005A7DFE /* Products */;
			projectDirPath = "";
			projectRoot = "";
			targets = (
				B6D9C6A32254CE22005A7DFE /* FirebaseLoginPage */,
			);
		};
/* End PBXProject section */

/* Begin PBXResourcesBuildPhase section */
		B6D9C6A22254CE22005A7DFE /* Resources */ = {
			isa = PBXResourcesBuildPhase;
			buildActionMask = 2147483647;
			files = (
				B6D9C6B22254CE23005A7DFE /* LaunchScreen.storyboard in Resources */,
				B6D9C6BB2254D5BC005A7DFE /* GoogleService-Info.plist in Resources */,
				B6D9C6AF2254CE23005A7DFE /* Assets.xcassets in Resources */,
				B6D9C6AD2254CE22005A7DFE /* Main.storyboard in Resources */,
			);
			runOnlyForDeploymentPostprocessing = 0;
		};
/* End PBXResourcesBuildPhase section */

/* Begin PBXShellScriptBuildPhase section */
		1882691C9D5A7E573D72C353 /* [CP] Embed Pods Frameworks */ = {
			isa = PBXShellScriptBuildPhase;
			buildActionMask = 2147483647;
			files = (
			);
			inputFileListPaths = (
			);
			inputPaths = (
				"${PODS_ROOT}/Target Support Files/Pods-FirebaseLoginPage/Pods-FirebaseLoginPage-frameworks.sh",
				"${BUILT_PRODUCTS_DIR}/GTMSessionFetcher/GTMSessionFetcher.framework",
				"${BUILT_PRODUCTS_DIR}/GoogleUtilities/GoogleUtilities.framework",
				"${BUILT_PRODUCTS_DIR}/leveldb-library/leveldb.framework",
				"${BUILT_PRODUCTS_DIR}/nanopb/nanopb.framework",
			);
			name = "[CP] Embed Pods Frameworks";
			outputFileListPaths = (
			);
			outputPaths = (
				"${TARGET_BUILD_DIR}/${FRAMEWORKS_FOLDER_PATH}/GTMSessionFetcher.framework",
				"${TARGET_BUILD_DIR}/${FRAMEWORKS_FOLDER_PATH}/GoogleUtilities.framework",
				"${TARGET_BUILD_DIR}/${FRAMEWORKS_FOLDER_PATH}/leveldb.framework",
				"${TARGET_BUILD_DIR}/${FRAMEWORKS_FOLDER_PATH}/nanopb.framework",
			);
			runOnlyForDeploymentPostprocessing = 0;
			shellPath = /bin/sh;
			shellScript = "\"${PODS_ROOT}/Target Support Files/Pods-FirebaseLoginPage/Pods-FirebaseLoginPage-frameworks.sh\"\n";
			showEnvVarsInLog = 0;
		};
		9ACE1A996BDF0B6AC3F38822 /* [CP] Check Pods Manifest.lock */ = {
			isa = PBXShellScriptBuildPhase;
			buildActionMask = 2147483647;
			files = (
			);
			inputFileListPaths = (
			);
			inputPaths = (
				"${PODS_PODFILE_DIR_PATH}/Podfile.lock",
				"${PODS_ROOT}/Manifest.lock",
			);
			name = "[CP] Check Pods Manifest.lock";
			outputFileListPaths = (
			);
			outputPaths = (
				"$(DERIVED_FILE_DIR)/Pods-FirebaseLoginPage-checkManifestLockResult.txt",
			);
			runOnlyForDeploymentPostprocessing = 0;
			shellPath = /bin/sh;
			shellScript = "diff \"${PODS_PODFILE_DIR_PATH}/Podfile.lock\" \"${PODS_ROOT}/Manifest.lock\" > /dev/null\nif [ $? != 0 ] ; then\n    # print error to STDERR\n    echo \"error: The sandbox is not in sync with the Podfile.lock. Run 'pod install' or update your CocoaPods installation.\" >&2\n    exit 1\nfi\n# This output is used by Xcode 'outputs' to avoid re-running this script phase.\necho \"SUCCESS\" > \"${SCRIPT_OUTPUT_FILE_0}\"\n";
			showEnvVarsInLog = 0;
		};
/* End PBXShellScriptBuildPhase section */

/* Begin PBXSourcesBuildPhase section */
		B6D9C6A02254CE22005A7DFE /* Sources */ = {
			isa = PBXSourcesBuildPhase;
			buildActionMask = 2147483647;
			files = (
				B6D9C6AA2254CE22005A7DFE /* ViewController.swift in Sources */,
				B6D9C6BE2254D7CE005A7DFE /* LoginController.swift in Sources */,
				B6D9C6A82254CE22005A7DFE /* AppDelegate.swift in Sources */,
			);
			runOnlyForDeploymentPostprocessing = 0;
		};
/* End PBXSourcesBuildPhase section */

/* Begin PBXVariantGroup section */
		B6D9C6AB2254CE22005A7DFE /* Main.storyboard */ = {
			isa = PBXVariantGroup;
			children = (
				B6D9C6AC2254CE22005A7DFE /* Base */,
			);
			name = Main.storyboard;
			sourceTree = "<group>";
		};
		B6D9C6B02254CE23005A7DFE /* LaunchScreen.storyboard */ = {
			isa = PBXVariantGroup;
			children = (
				B6D9C6B12254CE23005A7DFE /* Base */,
			);
			name = LaunchScreen.storyboard;
			sourceTree = "<group>";
		};
/* End PBXVariantGroup section */

/* Begin XCBuildConfiguration section */
		B6D9C6B42254CE23005A7DFE /* Debug */ = {
			isa = XCBuildConfiguration;
			buildSettings = {
				ALWAYS_SEARCH_USER_PATHS = NO;
				CLANG_ANALYZER_NONNULL = YES;
				CLANG_ANALYZER_NUMBER_OBJECT_CONVERSION = YES_AGGRESSIVE;
				CLANG_CXX_LANGUAGE_STANDARD = "gnu++14";
				CLANG_CXX_LIBRARY = "libc++";
				CLANG_ENABLE_MODULES = YES;
				CLANG_ENABLE_OBJC_ARC = YES;
				CLANG_ENABLE_OBJC_WEAK = YES;
				CLANG_WARN_BLOCK_CAPTURE_AUTORELEASING = YES;
				CLANG_WARN_BOOL_CONVERSION = YES;
				CLANG_WARN_COMMA = YES;
				CLANG_WARN_CONSTANT_CONVERSION = YES;
				CLANG_WARN_DEPRECATED_OBJC_IMPLEMENTATIONS = YES;
				CLANG_WARN_DIRECT_OBJC_ISA_USAGE = YES_ERROR;
				CLANG_WARN_DOCUMENTATION_COMMENTS = YES;
				CLANG_WARN_EMPTY_BODY = YES;
				CLANG_WARN_ENUM_CONVERSION = YES;
				CLANG_WARN_INFINITE_RECURSION = YES;
				CLANG_WARN_INT_CONVERSION = YES;
				CLANG_WARN_NON_LITERAL_NULL_CONVERSION = YES;
				CLANG_WARN_OBJC_IMPLICIT_RETAIN_SELF = YES;
				CLANG_WARN_OBJC_LITERAL_CONVERSION = YES;
				CLANG_WARN_OBJC_ROOT_CLASS = YES_ERROR;
				CLANG_WARN_RANGE_LOOP_ANALYSIS = YES;
				CLANG_WARN_STRICT_PROTOTYPES = YES;
				CLANG_WARN_SUSPICIOUS_MOVE = YES;
				CLANG_WARN_UNGUARDED_AVAILABILITY = YES_AGGRESSIVE;
				CLANG_WARN_UNREACHABLE_CODE = YES;
				CLANG_WARN__DUPLICATE_METHOD_MATCH = YES;
				CODE_SIGN_IDENTITY = "iPhone Developer";
				COPY_PHASE_STRIP = NO;
				DEBUG_INFORMATION_FORMAT = dwarf;
				ENABLE_STRICT_OBJC_MSGSEND = YES;
				ENABLE_TESTABILITY = YES;
				GCC_C_LANGUAGE_STANDARD = gnu11;
				GCC_DYNAMIC_NO_PIC = NO;
				GCC_NO_COMMON_BLOCKS = YES;
				GCC_OPTIMIZATION_LEVEL = 0;
				GCC_PREPROCESSOR_DEFINITIONS = (
					"DEBUG=1",
					"$(inherited)",
				);
				GCC_WARN_64_TO_32_BIT_CONVERSION = YES;
				GCC_WARN_ABOUT_RETURN_TYPE = YES_ERROR;
				GCC_WARN_UNDECLARED_SELECTOR = YES;
				GCC_WARN_UNINITIALIZED_AUTOS = YES_AGGRESSIVE;
				GCC_WARN_UNUSED_FUNCTION = YES;
				GCC_WARN_UNUSED_VARIABLE = YES;
				IPHONEOS_DEPLOYMENT_TARGET = 12.2;
				MTL_ENABLE_DEBUG_INFO = INCLUDE_SOURCE;
				MTL_FAST_MATH = YES;
				ONLY_ACTIVE_ARCH = YES;
				SDKROOT = iphoneos;
				SWIFT_ACTIVE_COMPILATION_CONDITIONS = DEBUG;
				SWIFT_OPTIMIZATION_LEVEL = "-Onone";
			};
			name = Debug;
		};
		B6D9C6B52254CE23005A7DFE /* Release */ = {
			isa = XCBuildConfiguration;
			buildSettings = {
				ALWAYS_SEARCH_USER_PATHS = NO;
				CLANG_ANALYZER_NONNULL = YES;
				CLANG_ANALYZER_NUMBER_OBJECT_CONVERSION = YES_AGGRESSIVE;
				CLANG_CXX_LANGUAGE_STANDARD = "gnu++14";
				CLANG_CXX_LIBRARY = "libc++";
				CLANG_ENABLE_MODULES = YES;
				CLANG_ENABLE_OBJC_ARC = YES;
				CLANG_ENABLE_OBJC_WEAK = YES;
				CLANG_WARN_BLOCK_CAPTURE_AUTORELEASING = YES;
				CLANG_WARN_BOOL_CONVERSION = YES;
				CLANG_WARN_COMMA = YES;
				CLANG_WARN_CONSTANT_CONVERSION = YES;
				CLANG_WARN_DEPRECATED_OBJC_IMPLEMENTATIONS = YES;
				CLANG_WARN_DIRECT_OBJC_ISA_USAGE = YES_ERROR;
				CLANG_WARN_DOCUMENTATION_COMMENTS = YES;
				CLANG_WARN_EMPTY_BODY = YES;
				CLANG_WARN_ENUM_CONVERSION = YES;
				CLANG_WARN_INFINITE_RECURSION = YES;
				CLANG_WARN_INT_CONVERSION = YES;
				CLANG_WARN_NON_LITERAL_NULL_CONVERSION = YES;
				CLANG_WARN_OBJC_IMPLICIT_RETAIN_SELF = YES;
				CLANG_WARN_OBJC_LITERAL_CONVERSION = YES;
				CLANG_WARN_OBJC_ROOT_CLASS = YES_ERROR;
				CLANG_WARN_RANGE_LOOP_ANALYSIS = YES;
				CLANG_WARN_STRICT_PROTOTYPES = YES;
				CLANG_WARN_SUSPICIOUS_MOVE = YES;
				CLANG_WARN_UNGUARDED_AVAILABILITY = YES_AGGRESSIVE;
				CLANG_WARN_UNREACHABLE_CODE = YES;
				CLANG_WARN__DUPLICATE_METHOD_MATCH = YES;
				CODE_SIGN_IDENTITY = "iPhone Developer";
				COPY_PHASE_STRIP = NO;
				DEBUG_INFORMATION_FORMAT = "dwarf-with-dsym";
				ENABLE_NS_ASSERTIONS = NO;
				ENABLE_STRICT_OBJC_MSGSEND = YES;
				GCC_C_LANGUAGE_STANDARD = gnu11;
				GCC_NO_COMMON_BLOCKS = YES;
				GCC_WARN_64_TO_32_BIT_CONVERSION = YES;
				GCC_WARN_ABOUT_RETURN_TYPE = YES_ERROR;
				GCC_WARN_UNDECLARED_SELECTOR = YES;
				GCC_WARN_UNINITIALIZED_AUTOS = YES_AGGRESSIVE;
				GCC_WARN_UNUSED_FUNCTION = YES;
				GCC_WARN_UNUSED_VARIABLE = YES;
				IPHONEOS_DEPLOYMENT_TARGET = 12.2;
				MTL_ENABLE_DEBUG_INFO = NO;
				MTL_FAST_MATH = YES;
				SDKROOT = iphoneos;
				SWIFT_COMPILATION_MODE = wholemodule;
				SWIFT_OPTIMIZATION_LEVEL = "-O";
				VALIDATE_PRODUCT = YES;
			};
			name = Release;
		};
		B6D9C6B72254CE23005A7DFE /* Debug */ = {
			isa = XCBuildConfiguration;
			baseConfigurationReference = 0370180A38AAF24B98A461AE /* Pods-FirebaseLoginPage.debug.xcconfig */;
			buildSettings = {
				ASSETCATALOG_COMPILER_APPICON_NAME = AppIcon;
				CODE_SIGN_STYLE = Automatic;
				DEVELOPMENT_TEAM = 89UUHMRUT9;
				INFOPLIST_FILE = FirebaseLoginPage/Info.plist;
				LD_RUNPATH_SEARCH_PATHS = (
					"$(inherited)",
					"@executable_path/Frameworks",
				);
				PRODUCT_BUNDLE_IDENTIFIER = com.creyto.FirebaseLoginPage;
				PRODUCT_NAME = "$(TARGET_NAME)";
				SWIFT_VERSION = 5.0;
				TARGETED_DEVICE_FAMILY = "1,2";
			};
			name = Debug;
		};
		B6D9C6B82254CE23005A7DFE /* Release */ = {
			isa = XCBuildConfiguration;
			baseConfigurationReference = CD0945993990BEE59253F45C /* Pods-FirebaseLoginPage.release.xcconfig */;
			buildSettings = {
				ASSETCATALOG_COMPILER_APPICON_NAME = AppIcon;
				CODE_SIGN_STYLE = Automatic;
				DEVELOPMENT_TEAM = 89UUHMRUT9;
				INFOPLIST_FILE = FirebaseLoginPage/Info.plist;
				LD_RUNPATH_SEARCH_PATHS = (
					"$(inherited)",
					"@executable_path/Frameworks",
				);
				PRODUCT_BUNDLE_IDENTIFIER = com.creyto.FirebaseLoginPage;
				PRODUCT_NAME = "$(TARGET_NAME)";
				SWIFT_VERSION = 5.0;
				TARGETED_DEVICE_FAMILY = "1,2";
			};
			name = Release;
		};
/* End XCBuildConfiguration section */

/* Begin XCConfigurationList section */
		B6D9C69F2254CE22005A7DFE /* Build configuration list for PBXProject "FirebaseLoginPage" */ = {
			isa = XCConfigurationList;
			buildConfigurations = (
				B6D9C6B42254CE23005A7DFE /* Debug */,
				B6D9C6B52254CE23005A7DFE /* Release */,
			);
			defaultConfigurationIsVisible = 0;
			defaultConfigurationName = Release;
		};
		B6D9C6B62254CE23005A7DFE /* Build configuration list for PBXNativeTarget "FirebaseLoginPage" */ = {
			isa = XCConfigurationList;
			buildConfigurations = (
				B6D9C6B72254CE23005A7DFE /* Debug */,
				B6D9C6B82254CE23005A7DFE /* Release */,
			);
			defaultConfigurationIsVisible = 0;
			defaultConfigurationName = Release;
		};
/* End XCConfigurationList section */
	};
	rootObject = B6D9C69C2254CE22005A7DFE /* Project object */;
}
